{
  "version": 4,
  "terraform_version": "1.6.1",
  "serial": 19,
  "lineage": "9df0e282-95c4-8e7d-df60-51ec2912fe27",
  "outputs": {
    "connection_strings": {
      "value": "mongodb+srv://blsssandbox.bwzvygx.mongodb.net",
      "type": "string"
    }
  },
  "resources": [
    {
      "mode": "managed",
      "type": "mongodbatlas_cluster",
      "name": "my_cluster",
      "provider": "provider[\"registry.terraform.io/mongodb/mongodbatlas\"]",
      "instances": [
        {
          "schema_version": 1,
          "attributes": {
            "advanced_configuration": [
              {
                "default_read_concern": "",
                "default_write_concern": "",
                "fail_index_key_too_long": false,
                "javascript_enabled": true,
                "minimum_enabled_tls_protocol": "TLS1_2",
                "no_table_scan": false,
                "oplog_min_retention_hours": 0,
                "oplog_size_mb": 0,
                "sample_refresh_interval_bi_connector": 0,
                "sample_size_bi_connector": 0,
                "transaction_lifetime_limit_seconds": 0
              }
            ],
            "auto_scaling_compute_enabled": false,
            "auto_scaling_compute_scale_down_enabled": false,
            "auto_scaling_disk_gb_enabled": false,
            "backing_provider_name": "AWS",
            "backup_enabled": false,
            "bi_connector_config": [
              {
                "enabled": false,
                "read_preference": "secondary"
              }
            ],
            "cloud_backup": false,
            "cluster_id": "652c6ce60d28bc1bc186a1e7",
            "cluster_type": "REPLICASET",
            "connection_strings": [
              {
                "private": "",
                "private_endpoint": [],
                "private_srv": "",
                "standard": "mongodb://ac-y9mu5wu-shard-00-00.bwzvygx.mongodb.net:27017,ac-y9mu5wu-shard-00-01.bwzvygx.mongodb.net:27017,ac-y9mu5wu-shard-00-02.bwzvygx.mongodb.net:27017/?ssl=true\u0026authSource=admin\u0026replicaSet=atlas-urilrz-shard-0",
                "standard_srv": "mongodb+srv://blsssandbox.bwzvygx.mongodb.net"
              }
            ],
            "container_id": null,
            "disk_size_gb": 0.5,
            "encryption_at_rest_provider": "NONE",
            "id": "Y2x1c3Rlcl9pZA==:NjUyYzZjZTYwZDI4YmMxYmMxODZhMWU3-Y2x1c3Rlcl9uYW1l:Ymxzc3NhbmRib3g=-cHJvamVjdF9pZA==:NjUyYzZjZTA4MTZiMzI3MzM3MDhlMDRk-cHJvdmlkZXJfbmFtZQ==:VEVOQU5U",
            "labels": [],
            "mongo_db_major_version": "6.0",
            "mongo_db_version": "6.0.11",
            "mongo_uri": "mongodb://ac-y9mu5wu-shard-00-00.bwzvygx.mongodb.net:27017,ac-y9mu5wu-shard-00-01.bwzvygx.mongodb.net:27017,ac-y9mu5wu-shard-00-02.bwzvygx.mongodb.net:27017",
            "mongo_uri_updated": "2023-10-15T22:51:34Z",
            "mongo_uri_with_options": "mongodb://ac-y9mu5wu-shard-00-00.bwzvygx.mongodb.net:27017,ac-y9mu5wu-shard-00-01.bwzvygx.mongodb.net:27017,ac-y9mu5wu-shard-00-02.bwzvygx.mongodb.net:27017/?ssl=true\u0026authSource=admin\u0026replicaSet=atlas-urilrz-shard-0",
            "name": "blsssandbox",
            "num_shards": 1,
            "paused": false,
            "pit_enabled": false,
            "project_id": "652c6ce0816b32733708e04d",
            "provider_auto_scaling_compute_max_instance_size": "",
            "provider_auto_scaling_compute_min_instance_size": "",
            "provider_disk_iops": null,
            "provider_disk_type_name": "",
            "provider_encrypt_ebs_volume": null,
            "provider_encrypt_ebs_volume_flag": null,
            "provider_instance_size_name": "M0",
            "provider_name": "TENANT",
            "provider_region_name": "US_EAST_1",
            "provider_volume_type": "",
            "replication_factor": 3,
            "replication_specs": [
              {
                "id": "652c6ce50d28bc1bc186a1da",
                "num_shards": 1,
                "regions_config": [
                  {
                    "analytics_nodes": 0,
                    "electable_nodes": 3,
                    "priority": 7,
                    "read_only_nodes": 0,
                    "region_name": "US_EAST_1"
                  }
                ],
                "zone_name": "Zone 1"
              }
            ],
            "retain_backups_enabled": null,
            "snapshot_backup_policy": [],
            "srv_address": "mongodb+srv://blsssandbox.bwzvygx.mongodb.net",
            "state_name": "IDLE",
            "tags": [],
            "termination_protection_enabled": false,
            "timeouts": null,
            "version_release_system": "LTS"
          },
          "sensitive_attributes": [],
          "private": "eyJlMmJmYjczMC1lY2FhLTExZTYtOGY4OC0zNDM2M2JjN2M0YzAiOnsiY3JlYXRlIjoxMDgwMDAwMDAwMDAwMCwiZGVsZXRlIjoxMDgwMDAwMDAwMDAwMCwidXBkYXRlIjoxMDgwMDAwMDAwMDAwMH0sInNjaGVtYV92ZXJzaW9uIjoiMSJ9",
          "dependencies": [
            "mongodbatlas_project.my_project"
          ]
        }
      ]
    },
    {
      "mode": "managed",
      "type": "mongodbatlas_database_user",
      "name": "my_user",
      "provider": "provider[\"registry.terraform.io/mongodb/mongodbatlas\"]",
      "instances": [
        {
          "schema_version": 0,
          "attributes": {
            "auth_database_name": "admin",
            "aws_iam_type": "NONE",
            "id": "652c6ce0816b32733708e04d-blssuser-admin",
            "labels": [],
            "ldap_auth_type": "NONE",
            "oidc_auth_type": "NONE",
            "password": "GyQCNKbv8KJjiCS1",
            "project_id": "652c6ce0816b32733708e04d",
            "roles": [
              {
                "collection_name": null,
                "database_name": "admin",
                "role_name": "atlasAdmin"
              }
            ],
            "scopes": [],
            "username": "blssuser",
            "x509_type": "NONE"
          },
          "sensitive_attributes": [],
          "dependencies": [
            "mongodbatlas_project.my_project"
          ]
        }
      ]
    },
    {
      "mode": "managed",
      "type": "mongodbatlas_project",
      "name": "my_project",
      "provider": "provider[\"registry.terraform.io/mongodb/mongodbatlas\"]",
      "instances": [
        {
          "schema_version": 0,
          "attributes": {
            "cluster_count": 0,
            "created": "2023-10-15T22:51:16Z",
            "id": "652c6ce0816b32733708e04d",
            "is_collect_database_specifics_statistics_enabled": true,
            "is_data_explorer_enabled": true,
            "is_extended_storage_sizes_enabled": false,
            "is_performance_advisor_enabled": true,
            "is_realtime_performance_panel_enabled": true,
            "is_schema_advisor_enabled": true,
            "limits": [],
            "name": "blsssandbox",
            "org_id": "64e76c1e491f2547043188a2",
            "project_owner_id": null,
            "region_usage_restrictions": null,
            "teams": [],
            "with_default_alerts_settings": true
          },
          "sensitive_attributes": []
        }
      ]
    },
    {
      "mode": "managed",
      "type": "mongodbatlas_project_ip_access_list",
      "name": "my_ipaddress",
      "provider": "provider[\"registry.terraform.io/mongodb/mongodbatlas\"]",
      "instances": [
        {
          "schema_version": 0,
          "attributes": {
            "aws_security_group": "",
            "cidr_block": "108.29.160.215/32",
            "comment": "My IP Address",
            "id": "ZW50cnk=:MTA4LjI5LjE2MC4yMTUvMzI=-cHJvamVjdF9pZA==:NjUyYzZjZTA4MTZiMzI3MzM3MDhlMDRk",
            "ip_address": "108.29.160.215",
            "project_id": "652c6ce0816b32733708e04d",
            "timeouts": null
          },
          "sensitive_attributes": [],
          "dependencies": [
            "mongodbatlas_project.my_project"
          ]
        }
      ]
    }
  ],
  "check_results": null
}
